# This file is automatically @generated by Cargo.
# It is not intended for manual editing.
version = 4

[[package]]
name = "hycc"
version = "0.1.0"
dependencies = [
 "hycc_pipeline",
]

[[package]]
name = "hycc_ast"
version = "0.1.0"
dependencies = [
 "hycc_source",
 "hycc_span",
 "hycc_util",
]

[[package]]
name = "hycc_diagnostic"
version = "0.1.0"
dependencies = [
 "hycc_source",
 "hycc_span",
 "hycc_util",
]

[[package]]
name = "hycc_parser"
version = "0.1.0"
dependencies = [
 "hycc_ast",
 "hycc_diagnostic",
 "hycc_source",
 "hycc_span",
 "hycc_util",
]

[[package]]
name = "hycc_pipeline"
version = "0.1.0"
dependencies = [
 "hycc_diagnostic",
 "hycc_parser",
 "hycc_source",
]

[[package]]
name = "hycc_source"
version = "0.1.0"
dependencies = [
 "hycc_util",
]

[[package]]
name = "hycc_span"
version = "0.1.0"
dependencies = [
 "hycc_source",
]

[[package]]
name = "hycc_util"
version = "0.1.0"

[[package]]
name = "hycc_vm"
version = "0.1.0"

[[package]]
name = "hysm"
version = "0.1.0"
dependencies = [
 "hycc_source",
 "hycc_util",
 "hycc_vm",
]
